// !$*UTF8*$!
{
	archiveVersion = 1;
	classes = {
	};
	objectVersion = 46;
	objects = {

/* Begin PBXBuildFile section */
		577B278AC5594B0394594A2E /* libPods.a in Frameworks */ = {isa = PBXBuildFile; fileRef = 9D85D4DD77AA477A83449E27 /* libPods.a */; };
		5B2BED6A18F6905000A089CA /* File.m in Sources */ = {isa = PBXBuildFile; fileRef = 5B2BED6918F6905000A089CA /* File.m */; };
		5B8639BA169EBE0B004C6490 /* UIKit.framework in Frameworks */ = {isa = PBXBuildFile; fileRef = 5B8639B9169EBE0B004C6490 /* UIKit.framework */; };
		5B8639BC169EBE0B004C6490 /* Foundation.framework in Frameworks */ = {isa = PBXBuildFile; fileRef = 5B8639BB169EBE0B004C6490 /* Foundation.framework */; };
		5B8639BE169EBE0B004C6490 /* CoreGraphics.framework in Frameworks */ = {isa = PBXBuildFile; fileRef = 5B8639BD169EBE0B004C6490 /* CoreGraphics.framework */; };
		5B8639C4169EBE0B004C6490 /* InfoPlist.strings in Resources */ = {isa = PBXBuildFile; fileRef = 5B8639C2169EBE0B004C6490 /* InfoPlist.strings */; };
		5B8639C6169EBE0B004C6490 /* main.m in Sources */ = {isa = PBXBuildFile; fileRef = 5B8639C5169EBE0B004C6490 /* main.m */; };
		5B8639CA169EBE0B004C6490 /* AppDelegate.m in Sources */ = {isa = PBXBuildFile; fileRef = 5B8639C9169EBE0B004C6490 /* AppDelegate.m */; };
		5B8639CC169EBE0B004C6490 /* Default.png in Resources */ = {isa = PBXBuildFile; fileRef = 5B8639CB169EBE0B004C6490 /* Default.png */; };
		5B8639CE169EBE0B004C6490 /* Default@2x.png in Resources */ = {isa = PBXBuildFile; fileRef = 5B8639CD169EBE0B004C6490 /* Default@2x.png */; };
		5B8639D0169EBE0B004C6490 /* Default-568h@2x.png in Resources */ = {isa = PBXBuildFile; fileRef = 5B8639CF169EBE0B004C6490 /* Default-568h@2x.png */; };
		5B8639D6169EBE0C004C6490 /* ViewController.xib in Resources */ = {isa = PBXBuildFile; fileRef = 5B8639D4169EBE0C004C6490 /* ViewController.xib */; };
		5B8639DE169EBE0C004C6490 /* SenTestingKit.framework in Frameworks */ = {isa = PBXBuildFile; fileRef = 5B8639DD169EBE0C004C6490 /* SenTestingKit.framework */; };
		5B8639DF169EBE0C004C6490 /* UIKit.framework in Frameworks */ = {isa = PBXBuildFile; fileRef = 5B8639B9169EBE0B004C6490 /* UIKit.framework */; };
		5B8639E0169EBE0C004C6490 /* Foundation.framework in Frameworks */ = {isa = PBXBuildFile; fileRef = 5B8639BB169EBE0B004C6490 /* Foundation.framework */; };
		5B8639E8169EBE0C004C6490 /* InfoPlist.strings in Resources */ = {isa = PBXBuildFile; fileRef = 5B8639E6169EBE0C004C6490 /* InfoPlist.strings */; };
		5B8639EB169EBE0C004C6490 /* DBCodingServiceExampleTests.m in Sources */ = {isa = PBXBuildFile; fileRef = 5B8639EA169EBE0C004C6490 /* DBCodingServiceExampleTests.m */; };
		5B863A13169EBFB7004C6490 /* libsqlite3.dylib in Frameworks */ = {isa = PBXBuildFile; fileRef = 5B863A12169EBFB7004C6490 /* libsqlite3.dylib */; };
		FA06CF3018FC77B0006E94CF /* DBEntity.m in Sources */ = {isa = PBXBuildFile; fileRef = FA06CF2F18FC77B0006E94CF /* DBEntity.m */; };
		FA43217C18FD9AB600387EFE /* DBEntityField.m in Sources */ = {isa = PBXBuildFile; fileRef = FA43217B18FD9AB600387EFE /* DBEntityField.m */; };
		FA43218318FD9AD800387EFE /* DBOneToOneRelation.m in Sources */ = {isa = PBXBuildFile; fileRef = FA43218218FD9AD800387EFE /* DBOneToOneRelation.m */; };
		FA43218618FD9AE800387EFE /* DBOneToManyRelation.m in Sources */ = {isa = PBXBuildFile; fileRef = FA43218518FD9AE800387EFE /* DBOneToManyRelation.m */; };
		FA43218918FD9AF400387EFE /* DBManyToManyRelation.m in Sources */ = {isa = PBXBuildFile; fileRef = FA43218818FD9AF400387EFE /* DBManyToManyRelation.m */; };
		FA43218C18FDA0CE00387EFE /* DBEntityRelation.m in Sources */ = {isa = PBXBuildFile; fileRef = FA43218B18FDA0CE00387EFE /* DBEntityRelation.m */; };
		FA43219318FDA5E800387EFE /* DBScheme.m in Sources */ = {isa = PBXBuildFile; fileRef = FA43219218FDA5E800387EFE /* DBScheme.m */; };
		FA43219718FDA9F800387EFE /* DBService.m in Sources */ = {isa = PBXBuildFile; fileRef = FA43219618FDA9F800387EFE /* DBService.m */; };
		FA43219C18FDAEF600387EFE /* DBQueryBuilder.m in Sources */ = {isa = PBXBuildFile; fileRef = FA43219B18FDAEF600387EFE /* DBQueryBuilder.m */; };
		FA43219F18FDD8A600387EFE /* DBObjectDecoder.m in Sources */ = {isa = PBXBuildFile; fileRef = FA43219E18FDD8A600387EFE /* DBObjectDecoder.m */; };
		FA4321A018FDD90700387EFE /* ViewController.m in Sources */ = {isa = PBXBuildFile; fileRef = 5B8639D2169EBE0B004C6490 /* ViewController.m */; };
		FA8E6B4F18F5E07B00A0F79F /* Message.m in Sources */ = {isa = PBXBuildFile; fileRef = FA8E6B4E18F5E07B00A0F79F /* Message.m */; };
		FA8E6B5218F5E08600A0F79F /* Attachment.m in Sources */ = {isa = PBXBuildFile; fileRef = FA8E6B5118F5E08600A0F79F /* Attachment.m */; };
/* End PBXBuildFile section */

/* Begin PBXContainerItemProxy section */
		5B8639E1169EBE0C004C6490 /* PBXContainerItemProxy */ = {
			isa = PBXContainerItemProxy;
			containerPortal = 5B8639AC169EBE0B004C6490 /* Project object */;
			proxyType = 1;
			remoteGlobalIDString = 5B8639B4169EBE0B004C6490;
			remoteInfo = DBCodingServiceExample;
		};
/* End PBXContainerItemProxy section */

/* Begin PBXFileReference section */
		5B2BED6818F6905000A089CA /* File.h */ = {isa = PBXFileReference; fileEncoding = 4; lastKnownFileType = sourcecode.c.h; path = File.h; sourceTree = "<group>"; };
		5B2BED6918F6905000A089CA /* File.m */ = {isa = PBXFileReference; fileEncoding = 4; lastKnownFileType = sourcecode.c.objc; path = File.m; sourceTree = "<group>"; };
		5B8639B5169EBE0B004C6490 /* DBCodingServiceExample.app */ = {isa = PBXFileReference; explicitFileType = wrapper.application; includeInIndex = 0; path = DBCodingServiceExample.app; sourceTree = BUILT_PRODUCTS_DIR; };
		5B8639B9169EBE0B004C6490 /* UIKit.framework */ = {isa = PBXFileReference; lastKnownFileType = wrapper.framework; name = UIKit.framework; path = System/Library/Frameworks/UIKit.framework; sourceTree = SDKROOT; };
		5B8639BB169EBE0B004C6490 /* Foundation.framework */ = {isa = PBXFileReference; lastKnownFileType = wrapper.framework; name = Foundation.framework; path = System/Library/Frameworks/Foundation.framework; sourceTree = SDKROOT; };
		5B8639BD169EBE0B004C6490 /* CoreGraphics.framework */ = {isa = PBXFileReference; lastKnownFileType = wrapper.framework; name = CoreGraphics.framework; path = System/Library/Frameworks/CoreGraphics.framework; sourceTree = SDKROOT; };
		5B8639C1169EBE0B004C6490 /* DBCodingServiceExample-Info.plist */ = {isa = PBXFileReference; lastKnownFileType = text.plist.xml; path = "DBCodingServiceExample-Info.plist"; sourceTree = "<group>"; };
		5B8639C3169EBE0B004C6490 /* en */ = {isa = PBXFileReference; lastKnownFileType = text.plist.strings; name = en; path = en.lproj/InfoPlist.strings; sourceTree = "<group>"; };
		5B8639C5169EBE0B004C6490 /* main.m */ = {isa = PBXFileReference; lastKnownFileType = sourcecode.c.objc; path = main.m; sourceTree = "<group>"; };
		5B8639C7169EBE0B004C6490 /* DBCodingServiceExample-Prefix.pch */ = {isa = PBXFileReference; lastKnownFileType = sourcecode.c.h; path = "DBCodingServiceExample-Prefix.pch"; sourceTree = "<group>"; };
		5B8639C8169EBE0B004C6490 /* AppDelegate.h */ = {isa = PBXFileReference; lastKnownFileType = sourcecode.c.h; path = AppDelegate.h; sourceTree = "<group>"; };
		5B8639C9169EBE0B004C6490 /* AppDelegate.m */ = {isa = PBXFileReference; lastKnownFileType = sourcecode.c.objc; path = AppDelegate.m; sourceTree = "<group>"; };
		5B8639CB169EBE0B004C6490 /* Default.png */ = {isa = PBXFileReference; lastKnownFileType = image.png; path = Default.png; sourceTree = "<group>"; };
		5B8639CD169EBE0B004C6490 /* Default@2x.png */ = {isa = PBXFileReference; lastKnownFileType = image.png; path = "Default@2x.png"; sourceTree = "<group>"; };
		5B8639CF169EBE0B004C6490 /* Default-568h@2x.png */ = {isa = PBXFileReference; lastKnownFileType = image.png; path = "Default-568h@2x.png"; sourceTree = "<group>"; };
		5B8639D1169EBE0B004C6490 /* ViewController.h */ = {isa = PBXFileReference; lastKnownFileType = sourcecode.c.h; path = ViewController.h; sourceTree = "<group>"; };
		5B8639D2169EBE0B004C6490 /* ViewController.m */ = {isa = PBXFileReference; lastKnownFileType = sourcecode.c.objc; path = ViewController.m; sourceTree = "<group>"; };
		5B8639D5169EBE0C004C6490 /* en */ = {isa = PBXFileReference; lastKnownFileType = file.xib; name = en; path = en.lproj/ViewController.xib; sourceTree = "<group>"; };
		5B8639DC169EBE0C004C6490 /* DBCodingServiceExampleTests.octest */ = {isa = PBXFileReference; explicitFileType = wrapper.cfbundle; includeInIndex = 0; path = DBCodingServiceExampleTests.octest; sourceTree = BUILT_PRODUCTS_DIR; };
		5B8639DD169EBE0C004C6490 /* SenTestingKit.framework */ = {isa = PBXFileReference; lastKnownFileType = wrapper.framework; name = SenTestingKit.framework; path = Library/Frameworks/SenTestingKit.framework; sourceTree = DEVELOPER_DIR; };
		5B8639E5169EBE0C004C6490 /* DBCodingServiceExampleTests-Info.plist */ = {isa = PBXFileReference; lastKnownFileType = text.plist.xml; path = "DBCodingServiceExampleTests-Info.plist"; sourceTree = "<group>"; };
		5B8639E7169EBE0C004C6490 /* en */ = {isa = PBXFileReference; lastKnownFileType = text.plist.strings; name = en; path = en.lproj/InfoPlist.strings; sourceTree = "<group>"; };
		5B8639E9169EBE0C004C6490 /* DBCodingServiceExampleTests.h */ = {isa = PBXFileReference; lastKnownFileType = sourcecode.c.h; path = DBCodingServiceExampleTests.h; sourceTree = "<group>"; };
		5B8639EA169EBE0C004C6490 /* DBCodingServiceExampleTests.m */ = {isa = PBXFileReference; lastKnownFileType = sourcecode.c.objc; path = DBCodingServiceExampleTests.m; sourceTree = "<group>"; };
		5B863A12169EBFB7004C6490 /* libsqlite3.dylib */ = {isa = PBXFileReference; lastKnownFileType = "compiled.mach-o.dylib"; name = libsqlite3.dylib; path = usr/lib/libsqlite3.dylib; sourceTree = SDKROOT; };
		5B863A49169EC266004C6490 /* DBCodingService.h */ = {isa = PBXFileReference; fileEncoding = 4; lastKnownFileType = sourcecode.c.h; path = DBCodingService.h; sourceTree = "<group>"; };
		5B863A4A169EC266004C6490 /* DBCodingService.m */ = {isa = PBXFileReference; fileEncoding = 4; lastKnownFileType = sourcecode.c.objc; path = DBCodingService.m; sourceTree = "<group>"; };
		7E4B7DBD7FC940728B5F2972 /* Pods.xcconfig */ = {isa = PBXFileReference; includeInIndex = 1; lastKnownFileType = text.xcconfig; name = Pods.xcconfig; path = Pods/Pods.xcconfig; sourceTree = "<group>"; };
		9D85D4DD77AA477A83449E27 /* libPods.a */ = {isa = PBXFileReference; explicitFileType = archive.ar; includeInIndex = 0; path = libPods.a; sourceTree = BUILT_PRODUCTS_DIR; };
		FA06CF2E18FC77B0006E94CF /* DBEntity.h */ = {isa = PBXFileReference; fileEncoding = 4; lastKnownFileType = sourcecode.c.h; path = DBEntity.h; sourceTree = "<group>"; };
		FA06CF2F18FC77B0006E94CF /* DBEntity.m */ = {isa = PBXFileReference; fileEncoding = 4; lastKnownFileType = sourcecode.c.objc; path = DBEntity.m; sourceTree = "<group>"; };
		FA43217A18FD9AB600387EFE /* DBEntityField.h */ = {isa = PBXFileReference; fileEncoding = 4; lastKnownFileType = sourcecode.c.h; path = DBEntityField.h; sourceTree = "<group>"; };
		FA43217B18FD9AB600387EFE /* DBEntityField.m */ = {isa = PBXFileReference; fileEncoding = 4; lastKnownFileType = sourcecode.c.objc; path = DBEntityField.m; sourceTree = "<group>"; };
		FA43218118FD9AD800387EFE /* DBOneToOneRelation.h */ = {isa = PBXFileReference; fileEncoding = 4; lastKnownFileType = sourcecode.c.h; path = DBOneToOneRelation.h; sourceTree = "<group>"; };
		FA43218218FD9AD800387EFE /* DBOneToOneRelation.m */ = {isa = PBXFileReference; fileEncoding = 4; lastKnownFileType = sourcecode.c.objc; path = DBOneToOneRelation.m; sourceTree = "<group>"; };
		FA43218418FD9AE800387EFE /* DBOneToManyRelation.h */ = {isa = PBXFileReference; fileEncoding = 4; lastKnownFileType = sourcecode.c.h; path = DBOneToManyRelation.h; sourceTree = "<group>"; };
		FA43218518FD9AE800387EFE /* DBOneToManyRelation.m */ = {isa = PBXFileReference; fileEncoding = 4; lastKnownFileType = sourcecode.c.objc; path = DBOneToManyRelation.m; sourceTree = "<group>"; };
		FA43218718FD9AF400387EFE /* DBManyToManyRelation.h */ = {isa = PBXFileReference; fileEncoding = 4; lastKnownFileType = sourcecode.c.h; path = DBManyToManyRelation.h; sourceTree = "<group>"; };
		FA43218818FD9AF400387EFE /* DBManyToManyRelation.m */ = {isa = PBXFileReference; fileEncoding = 4; lastKnownFileType = sourcecode.c.objc; path = DBManyToManyRelation.m; sourceTree = "<group>"; };
		FA43218A18FDA0CE00387EFE /* DBEntityRelation.h */ = {isa = PBXFileReference; fileEncoding = 4; lastKnownFileType = sourcecode.c.h; path = DBEntityRelation.h; sourceTree = "<group>"; };
		FA43218B18FDA0CE00387EFE /* DBEntityRelation.m */ = {isa = PBXFileReference; fileEncoding = 4; lastKnownFileType = sourcecode.c.objc; path = DBEntityRelation.m; sourceTree = "<group>"; };
		FA43219118FDA5E800387EFE /* DBScheme.h */ = {isa = PBXFileReference; fileEncoding = 4; lastKnownFileType = sourcecode.c.h; path = DBScheme.h; sourceTree = "<group>"; };
		FA43219218FDA5E800387EFE /* DBScheme.m */ = {isa = PBXFileReference; fileEncoding = 4; lastKnownFileType = sourcecode.c.objc; path = DBScheme.m; sourceTree = "<group>"; };
		FA43219518FDA9F800387EFE /* DBService.h */ = {isa = PBXFileReference; fileEncoding = 4; lastKnownFileType = sourcecode.c.h; path = DBService.h; sourceTree = "<group>"; };
		FA43219618FDA9F800387EFE /* DBService.m */ = {isa = PBXFileReference; fileEncoding = 4; lastKnownFileType = sourcecode.c.objc; path = DBService.m; sourceTree = "<group>"; };
		FA43219A18FDAEF600387EFE /* DBQueryBuilder.h */ = {isa = PBXFileReference; fileEncoding = 4; lastKnownFileType = sourcecode.c.h; path = DBQueryBuilder.h; sourceTree = "<group>"; };
		FA43219B18FDAEF600387EFE /* DBQueryBuilder.m */ = {isa = PBXFileReference; fileEncoding = 4; lastKnownFileType = sourcecode.c.objc; path = DBQueryBuilder.m; sourceTree = "<group>"; };
		FA43219D18FDD8A600387EFE /* DBObjectDecoder.h */ = {isa = PBXFileReference; fileEncoding = 4; lastKnownFileType = sourcecode.c.h; path = DBObjectDecoder.h; sourceTree = "<group>"; };
		FA43219E18FDD8A600387EFE /* DBObjectDecoder.m */ = {isa = PBXFileReference; fileEncoding = 4; lastKnownFileType = sourcecode.c.objc; path = DBObjectDecoder.m; sourceTree = "<group>"; };
		FA8E6B4318F5BC9200A0F79F /* DBCoder.h */ = {isa = PBXFileReference; fileEncoding = 4; lastKnownFileType = sourcecode.c.h; path = DBCoder.h; sourceTree = "<group>"; };
		FA8E6B4418F5BC9200A0F79F /* DBCoder.m */ = {isa = PBXFileReference; fileEncoding = 4; lastKnownFileType = sourcecode.c.objc; path = DBCoder.m; sourceTree = "<group>"; };
		FA8E6B4518F5BC9200A0F79F /* DBCoder_DBService.h */ = {isa = PBXFileReference; fileEncoding = 4; lastKnownFileType = sourcecode.c.h; path = DBCoder_DBService.h; sourceTree = "<group>"; };
		FA8E6B4718F5BD2F00A0F79F /* DBCoderData.h */ = {isa = PBXFileReference; fileEncoding = 4; lastKnownFileType = sourcecode.c.h; path = DBCoderData.h; sourceTree = "<group>"; };
		FA8E6B4818F5BD2F00A0F79F /* DBCoderData.m */ = {isa = PBXFileReference; fileEncoding = 4; lastKnownFileType = sourcecode.c.objc; path = DBCoderData.m; sourceTree = "<group>"; };
		FA8E6B4D18F5E07B00A0F79F /* Message.h */ = {isa = PBXFileReference; fileEncoding = 4; lastKnownFileType = sourcecode.c.h; path = Message.h; sourceTree = "<group>"; };
		FA8E6B4E18F5E07B00A0F79F /* Message.m */ = {isa = PBXFileReference; fileEncoding = 4; lastKnownFileType = sourcecode.c.objc; path = Message.m; sourceTree = "<group>"; };
		FA8E6B5018F5E08600A0F79F /* Attachment.h */ = {isa = PBXFileReference; fileEncoding = 4; lastKnownFileType = sourcecode.c.h; path = Attachment.h; sourceTree = "<group>"; };
		FA8E6B5118F5E08600A0F79F /* Attachment.m */ = {isa = PBXFileReference; fileEncoding = 4; lastKnownFileType = sourcecode.c.objc; path = Attachment.m; sourceTree = "<group>"; };
/* End PBXFileReference section */

/* Begin PBXFrameworksBuildPhase section */
		5B8639B2169EBE0B004C6490 /* Frameworks */ = {
			isa = PBXFrameworksBuildPhase;
			buildActionMask = 2147483647;
			files = (
				5B863A13169EBFB7004C6490 /* libsqlite3.dylib in Frameworks */,
				5B8639BA169EBE0B004C6490 /* UIKit.framework in Frameworks */,
				5B8639BC169EBE0B004C6490 /* Foundation.framework in Frameworks */,
				5B8639BE169EBE0B004C6490 /* CoreGraphics.framework in Frameworks */,
				577B278AC5594B0394594A2E /* libPods.a in Frameworks */,
			);
			runOnlyForDeploymentPostprocessing = 0;
		};
		5B8639D8169EBE0C004C6490 /* Frameworks */ = {
			isa = PBXFrameworksBuildPhase;
			buildActionMask = 2147483647;
			files = (
				5B8639DE169EBE0C004C6490 /* SenTestingKit.framework in Frameworks */,
				5B8639DF169EBE0C004C6490 /* UIKit.framework in Frameworks */,
				5B8639E0169EBE0C004C6490 /* Foundation.framework in Frameworks */,
			);
			runOnlyForDeploymentPostprocessing = 0;
		};
/* End PBXFrameworksBuildPhase section */

/* Begin PBXGroup section */
		5B8639AA169EBE0B004C6490 = {
			isa = PBXGroup;
			children = (
				5B863A45169EC266004C6490 /* DBCodingService */,
				5B8639BF169EBE0B004C6490 /* DBCodingServiceExample */,
				5B8639E3169EBE0C004C6490 /* DBCodingServiceExampleTests */,
				5B8639B8169EBE0B004C6490 /* Frameworks */,
				5B8639B6169EBE0B004C6490 /* Products */,
				7E4B7DBD7FC940728B5F2972 /* Pods.xcconfig */,
			);
			sourceTree = "<group>";
		};
		5B8639B6169EBE0B004C6490 /* Products */ = {
			isa = PBXGroup;
			children = (
				5B8639B5169EBE0B004C6490 /* DBCodingServiceExample.app */,
				5B8639DC169EBE0C004C6490 /* DBCodingServiceExampleTests.octest */,
			);
			name = Products;
			sourceTree = "<group>";
		};
		5B8639B8169EBE0B004C6490 /* Frameworks */ = {
			isa = PBXGroup;
			children = (
				5B863A12169EBFB7004C6490 /* libsqlite3.dylib */,
				5B8639B9169EBE0B004C6490 /* UIKit.framework */,
				5B8639BB169EBE0B004C6490 /* Foundation.framework */,
				5B8639BD169EBE0B004C6490 /* CoreGraphics.framework */,
				5B8639DD169EBE0C004C6490 /* SenTestingKit.framework */,
				9D85D4DD77AA477A83449E27 /* libPods.a */,
			);
			name = Frameworks;
			sourceTree = "<group>";
		};
		5B8639BF169EBE0B004C6490 /* DBCodingServiceExample */ = {
			isa = PBXGroup;
			children = (
				FA8E6B4C18F5E07000A0F79F /* Model */,
				5B8639C8169EBE0B004C6490 /* AppDelegate.h */,
				5B8639C9169EBE0B004C6490 /* AppDelegate.m */,
				5B8639D1169EBE0B004C6490 /* ViewController.h */,
				5B8639D2169EBE0B004C6490 /* ViewController.m */,
				5B8639D4169EBE0C004C6490 /* ViewController.xib */,
				5B8639C0169EBE0B004C6490 /* Supporting Files */,
			);
			path = DBCodingServiceExample;
			sourceTree = "<group>";
		};
		5B8639C0169EBE0B004C6490 /* Supporting Files */ = {
			isa = PBXGroup;
			children = (
				5B8639C1169EBE0B004C6490 /* DBCodingServiceExample-Info.plist */,
				5B8639C2169EBE0B004C6490 /* InfoPlist.strings */,
				5B8639C5169EBE0B004C6490 /* main.m */,
				5B8639C7169EBE0B004C6490 /* DBCodingServiceExample-Prefix.pch */,
				5B8639CB169EBE0B004C6490 /* Default.png */,
				5B8639CD169EBE0B004C6490 /* Default@2x.png */,
				5B8639CF169EBE0B004C6490 /* Default-568h@2x.png */,
			);
			name = "Supporting Files";
			sourceTree = "<group>";
		};
		5B8639E3169EBE0C004C6490 /* DBCodingServiceExampleTests */ = {
			isa = PBXGroup;
			children = (
				5B8639E9169EBE0C004C6490 /* DBCodingServiceExampleTests.h */,
				5B8639EA169EBE0C004C6490 /* DBCodingServiceExampleTests.m */,
				5B8639E4169EBE0C004C6490 /* Supporting Files */,
			);
			path = DBCodingServiceExampleTests;
			sourceTree = "<group>";
		};
		5B8639E4169EBE0C004C6490 /* Supporting Files */ = {
			isa = PBXGroup;
			children = (
				5B8639E5169EBE0C004C6490 /* DBCodingServiceExampleTests-Info.plist */,
				5B8639E6169EBE0C004C6490 /* InfoPlist.strings */,
			);
			name = "Supporting Files";
			sourceTree = "<group>";
		};
		5B863A45169EC266004C6490 /* DBCodingService */ = {
			isa = PBXGroup;
			children = (
				FA06CF2D18FC77A4006E94CF /* Entity */,
				FA7845D918F92BB400F83435 /* Scheme */,
				FA43219418FDA9E200387EFE /* DBService */,
				FA8E6B4218F5BC9200A0F79F /* DBCoder */,
				5B863A49169EC266004C6490 /* DBCodingService.h */,
				5B863A4A169EC266004C6490 /* DBCodingService.m */,
			);
			name = DBCodingService;
			path = ../DBCodingService;
			sourceTree = "<group>";
		};
		FA06CF2D18FC77A4006E94CF /* Entity */ = {
			isa = PBXGroup;
			children = (
				FA06CF2E18FC77B0006E94CF /* DBEntity.h */,
				FA06CF2F18FC77B0006E94CF /* DBEntity.m */,
				FA43217918FD9AB600387EFE /* Fields */,
				FA43217D18FD9ABD00387EFE /* Relations */,
			);
			path = Entity;
			sourceTree = "<group>";
		};
		FA43217918FD9AB600387EFE /* Fields */ = {
			isa = PBXGroup;
			children = (
				FA43217A18FD9AB600387EFE /* DBEntityField.h */,
				FA43217B18FD9AB600387EFE /* DBEntityField.m */,
			);
			path = Fields;
			sourceTree = "<group>";
		};
		FA43217D18FD9ABD00387EFE /* Relations */ = {
			isa = PBXGroup;
			children = (
				FA43218D18FDA0D100387EFE /* Base */,
				FA43218118FD9AD800387EFE /* DBOneToOneRelation.h */,
				FA43218218FD9AD800387EFE /* DBOneToOneRelation.m */,
				FA43218418FD9AE800387EFE /* DBOneToManyRelation.h */,
				FA43218518FD9AE800387EFE /* DBOneToManyRelation.m */,
				FA43218718FD9AF400387EFE /* DBManyToManyRelation.h */,
				FA43218818FD9AF400387EFE /* DBManyToManyRelation.m */,
			);
			path = Relations;
			sourceTree = "<group>";
		};
		FA43218D18FDA0D100387EFE /* Base */ = {
			isa = PBXGroup;
			children = (
				FA43218A18FDA0CE00387EFE /* DBEntityRelation.h */,
				FA43218B18FDA0CE00387EFE /* DBEntityRelation.m */,
			);
			name = Base;
			sourceTree = "<group>";
		};
		FA43219418FDA9E200387EFE /* DBService */ = {
			isa = PBXGroup;
			children = (
				FA43219518FDA9F800387EFE /* DBService.h */,
				FA43219618FDA9F800387EFE /* DBService.m */,
				FA43219918FDAEE200387EFE /* Internal */,
			);
			path = DBService;
			sourceTree = "<group>";
		};
		FA43219918FDAEE200387EFE /* Internal */ = {
			isa = PBXGroup;
			children = (
				FA43219A18FDAEF600387EFE /* DBQueryBuilder.h */,
				FA43219B18FDAEF600387EFE /* DBQueryBuilder.m */,
				FA43219D18FDD8A600387EFE /* DBObjectDecoder.h */,
				FA43219E18FDD8A600387EFE /* DBObjectDecoder.m */,
			);
			path = Internal;
			sourceTree = "<group>";
		};
		FA7845D918F92BB400F83435 /* Scheme */ = {
			isa = PBXGroup;
			children = (
				FA43219118FDA5E800387EFE /* DBScheme.h */,
				FA43219218FDA5E800387EFE /* DBScheme.m */,
			);
			path = Scheme;
			sourceTree = "<group>";
		};
		FA8E6B4218F5BC9200A0F79F /* DBCoder */ = {
			isa = PBXGroup;
			children = (
				FA8E6B4718F5BD2F00A0F79F /* DBCoderData.h */,
				FA8E6B4818F5BD2F00A0F79F /* DBCoderData.m */,
				FA8E6B4318F5BC9200A0F79F /* DBCoder.h */,
				FA8E6B4418F5BC9200A0F79F /* DBCoder.m */,
				FA8E6B4518F5BC9200A0F79F /* DBCoder_DBService.h */,
			);
			path = DBCoder;
			sourceTree = "<group>";
		};
		FA8E6B4C18F5E07000A0F79F /* Model */ = {
			isa = PBXGroup;
			children = (
				FA8E6B4D18F5E07B00A0F79F /* Message.h */,
				FA8E6B4E18F5E07B00A0F79F /* Message.m */,
				FA8E6B5018F5E08600A0F79F /* Attachment.h */,
				FA8E6B5118F5E08600A0F79F /* Attachment.m */,
				5B2BED6818F6905000A089CA /* File.h */,
				5B2BED6918F6905000A089CA /* File.m */,
			);
			path = Model;
			sourceTree = "<group>";
		};
/* End PBXGroup section */

/* Begin PBXNativeTarget section */
		5B8639B4169EBE0B004C6490 /* DBCodingServiceExample */ = {
			isa = PBXNativeTarget;
			buildConfigurationList = 5B8639EE169EBE0C004C6490 /* Build configuration list for PBXNativeTarget "DBCodingServiceExample" */;
			buildPhases = (
				DF44FC61DB844F92974FA1F4 /* Check Pods Manifest.lock */,
				5B8639B1169EBE0B004C6490 /* Sources */,
				5B8639B2169EBE0B004C6490 /* Frameworks */,
				5B8639B3169EBE0B004C6490 /* Resources */,
				90308C2A9D4A4DE6AFC81A0A /* Copy Pods Resources */,
			);
			buildRules = (
			);
			dependencies = (
			);
			name = DBCodingServiceExample;
			productName = DBCodingServiceExample;
			productReference = 5B8639B5169EBE0B004C6490 /* DBCodingServiceExample.app */;
			productType = "com.apple.product-type.application";
		};
		5B8639DB169EBE0C004C6490 /* DBCodingServiceExampleTests */ = {
			isa = PBXNativeTarget;
			buildConfigurationList = 5B8639F1169EBE0C004C6490 /* Build configuration list for PBXNativeTarget "DBCodingServiceExampleTests" */;
			buildPhases = (
				5B8639D7169EBE0C004C6490 /* Sources */,
				5B8639D8169EBE0C004C6490 /* Frameworks */,
				5B8639D9169EBE0C004C6490 /* Resources */,
				5B8639DA169EBE0C004C6490 /* ShellScript */,
			);
			buildRules = (
			);
			dependencies = (
				5B8639E2169EBE0C004C6490 /* PBXTargetDependency */,
			);
			name = DBCodingServiceExampleTests;
			productName = DBCodingServiceExampleTests;
			productReference = 5B8639DC169EBE0C004C6490 /* DBCodingServiceExampleTests.octest */;
			productType = "com.apple.product-type.bundle";
		};
/* End PBXNativeTarget section */

/* Begin PBXProject section */
		5B8639AC169EBE0B004C6490 /* Project object */ = {
			isa = PBXProject;
			attributes = {
				LastTestingUpgradeCheck = 0510;
				LastUpgradeCheck = 0450;
			};
			buildConfigurationList = 5B8639AF169EBE0B004C6490 /* Build configuration list for PBXProject "DBCodingServiceExample" */;
			compatibilityVersion = "Xcode 3.2";
			developmentRegion = English;
			hasScannedForEncodings = 0;
			knownRegions = (
				en,
			);
			mainGroup = 5B8639AA169EBE0B004C6490;
			productRefGroup = 5B8639B6169EBE0B004C6490 /* Products */;
			projectDirPath = "";
			projectRoot = "";
			targets = (
				5B8639B4169EBE0B004C6490 /* DBCodingServiceExample */,
				5B8639DB169EBE0C004C6490 /* DBCodingServiceExampleTests */,
			);
		};
/* End PBXProject section */

/* Begin PBXResourcesBuildPhase section */
		5B8639B3169EBE0B004C6490 /* Resources */ = {
			isa = PBXResourcesBuildPhase;
			buildActionMask = 2147483647;
			files = (
				5B8639C4169EBE0B004C6490 /* InfoPlist.strings in Resources */,
				5B8639CC169EBE0B004C6490 /* Default.png in Resources */,
				5B8639CE169EBE0B004C6490 /* Default@2x.png in Resources */,
				5B8639D0169EBE0B004C6490 /* Default-568h@2x.png in Resources */,
				5B8639D6169EBE0C004C6490 /* ViewController.xib in Resources */,
			);
			runOnlyForDeploymentPostprocessing = 0;
		};
		5B8639D9169EBE0C004C6490 /* Resources */ = {
			isa = PBXResourcesBuildPhase;
			buildActionMask = 2147483647;
			files = (
				5B8639E8169EBE0C004C6490 /* InfoPlist.strings in Resources */,
			);
			runOnlyForDeploymentPostprocessing = 0;
		};
/* End PBXResourcesBuildPhase section */

/* Begin PBXShellScriptBuildPhase section */
		5B8639DA169EBE0C004C6490 /* ShellScript */ = {
			isa = PBXShellScriptBuildPhase;
			buildActionMask = 2147483647;
			files = (
			);
			inputPaths = (
			);
			outputPaths = (
			);
			runOnlyForDeploymentPostprocessing = 0;
			shellPath = /bin/sh;
			shellScript = "# Run the unit tests in this test bundle.\n\"${SYSTEM_DEVELOPER_DIR}/Tools/RunUnitTests\"\n";
		};
		90308C2A9D4A4DE6AFC81A0A /* Copy Pods Resources */ = {
			isa = PBXShellScriptBuildPhase;
			buildActionMask = 2147483647;
			files = (
			);
			inputPaths = (
			);
			name = "Copy Pods Resources";
			outputPaths = (
			);
			runOnlyForDeploymentPostprocessing = 0;
			shellPath = /bin/sh;
			shellScript = "\"${SRCROOT}/Pods/Pods-resources.sh\"\n";
			showEnvVarsInLog = 0;
		};
		DF44FC61DB844F92974FA1F4 /* Check Pods Manifest.lock */ = {
			isa = PBXShellScriptBuildPhase;
			buildActionMask = 2147483647;
			files = (
			);
			inputPaths = (
			);
			name = "Check Pods Manifest.lock";
			outputPaths = (
			);
			runOnlyForDeploymentPostprocessing = 0;
			shellPath = /bin/sh;
			shellScript = "diff \"${PODS_ROOT}/../Podfile.lock\" \"${PODS_ROOT}/Manifest.lock\" > /dev/null\nif [[ $? != 0 ]] ; then\n    cat << EOM\nerror: The sandbox is not in sync with the Podfile.lock. Run 'pod install' or update your CocoaPods installation.\nEOM\n    exit 1\nfi\n";
			showEnvVarsInLog = 0;
		};
/* End PBXShellScriptBuildPhase section */

/* Begin PBXSourcesBuildPhase section */
		5B8639B1169EBE0B004C6490 /* Sources */ = {
			isa = PBXSourcesBuildPhase;
			buildActionMask = 2147483647;
			files = (
				FA43217C18FD9AB600387EFE /* DBEntityField.m in Sources */,
				FA43219318FDA5E800387EFE /* DBScheme.m in Sources */,
				5B8639C6169EBE0B004C6490 /* main.m in Sources */,
				5B8639CA169EBE0B004C6490 /* AppDelegate.m in Sources */,
				FA43219718FDA9F800387EFE /* DBService.m in Sources */,
				FA43219C18FDAEF600387EFE /* DBQueryBuilder.m in Sources */,
				FA8E6B5218F5E08600A0F79F /* Attachment.m in Sources */,
				FA43219F18FDD8A600387EFE /* DBObjectDecoder.m in Sources */,
				FA43218318FD9AD800387EFE /* DBOneToOneRelation.m in Sources */,
				FA43218918FD9AF400387EFE /* DBManyToManyRelation.m in Sources */,
				FA4321A018FDD90700387EFE /* ViewController.m in Sources */,
				FA06CF3018FC77B0006E94CF /* DBEntity.m in Sources */,
				FA43218C18FDA0CE00387EFE /* DBEntityRelation.m in Sources */,
				FA8E6B4F18F5E07B00A0F79F /* Message.m in Sources */,
				5B2BED6A18F6905000A089CA /* File.m in Sources */,
				FA43218618FD9AE800387EFE /* DBOneToManyRelation.m in Sources */,
			);
			runOnlyForDeploymentPostprocessing = 0;
		};
		5B8639D7169EBE0C004C6490 /* Sources */ = {
			isa = PBXSourcesBuildPhase;
			buildActionMask = 2147483647;
			files = (
				5B8639EB169EBE0C004C6490 /* DBCodingServiceExampleTests.m in Sources */,
			);
			runOnlyForDeploymentPostprocessing = 0;
		};
/* End PBXSourcesBuildPhase section */

/* Begin PBXTargetDependency section */
		5B8639E2169EBE0C004C6490 /* PBXTargetDependency */ = {
			isa = PBXTargetDependency;
			target = 5B8639B4169EBE0B004C6490 /* DBCodingServiceExample */;
			targetProxy = 5B8639E1169EBE0C004C6490 /* PBXContainerItemProxy */;
		};
/* End PBXTargetDependency section */

/* Begin PBXVariantGroup section */
		5B8639C2169EBE0B004C6490 /* InfoPlist.strings */ = {
			isa = PBXVariantGroup;
			children = (
				5B8639C3169EBE0B004C6490 /* en */,
			);
			name = InfoPlist.strings;
			sourceTree = "<group>";
		};
		5B8639D4169EBE0C004C6490 /* ViewController.xib */ = {
			isa = PBXVariantGroup;
			children = (
				5B8639D5169EBE0C004C6490 /* en */,
			);
			name = ViewController.xib;
			sourceTree = "<group>";
		};
		5B8639E6169EBE0C004C6490 /* InfoPlist.strings */ = {
			isa = PBXVariantGroup;
			children = (
				5B8639E7169EBE0C004C6490 /* en */,
			);
			name = InfoPlist.strings;
			sourceTree = "<group>";
		};
/* End PBXVariantGroup section */

/* Begin XCBuildConfiguration section */
		5B8639EC169EBE0C004C6490 /* Debug */ = {
			isa = XCBuildConfiguration;
			buildSettings = {
				ALWAYS_SEARCH_USER_PATHS = NO;
				CLANG_CXX_LANGUAGE_STANDARD = "gnu++0x";
				CLANG_CXX_LIBRARY = "libc++";
				CLANG_ENABLE_OBJC_ARC = YES;
				CLANG_WARN_EMPTY_BODY = YES;
				CLANG_WARN__DUPLICATE_METHOD_MATCH = YES;
				"CODE_SIGN_IDENTITY[sdk=iphoneos*]" = "iPhone Developer";
				COPY_PHASE_STRIP = NO;
				GCC_C_LANGUAGE_STANDARD = gnu99;
				GCC_DYNAMIC_NO_PIC = NO;
				GCC_OPTIMIZATION_LEVEL = 0;
				GCC_PREPROCESSOR_DEFINITIONS = (
					"DEBUG=1",
					"$(inherited)",
				);
				GCC_SYMBOLS_PRIVATE_EXTERN = NO;
				GCC_WARN_ABOUT_RETURN_TYPE = YES;
				GCC_WARN_UNINITIALIZED_AUTOS = YES;
				GCC_WARN_UNUSED_VARIABLE = YES;
				IPHONEOS_DEPLOYMENT_TARGET = 6.0;
				ONLY_ACTIVE_ARCH = YES;
				SDKROOT = iphoneos;
			};
			name = Debug;
		};
		5B8639ED169EBE0C004C6490 /* Release */ = {
			isa = XCBuildConfiguration;
			buildSettings = {
				ALWAYS_SEARCH_USER_PATHS = NO;
				CLANG_CXX_LANGUAGE_STANDARD = "gnu++0x";
				CLANG_CXX_LIBRARY = "libc++";
				CLANG_ENABLE_OBJC_ARC = YES;
				CLANG_WARN_EMPTY_BODY = YES;
				CLANG_WARN__DUPLICATE_METHOD_MATCH = YES;
				"CODE_SIGN_IDENTITY[sdk=iphoneos*]" = "iPhone Developer";
				COPY_PHASE_STRIP = YES;
				GCC_C_LANGUAGE_STANDARD = gnu99;
				GCC_WARN_ABOUT_RETURN_TYPE = YES;
				GCC_WARN_UNINITIALIZED_AUTOS = YES;
				GCC_WARN_UNUSED_VARIABLE = YES;
				IPHONEOS_DEPLOYMENT_TARGET = 6.0;
				OTHER_CFLAGS = "-DNS_BLOCK_ASSERTIONS=1";
				SDKROOT = iphoneos;
				VALIDATE_PRODUCT = YES;
			};
			name = Release;
		};
		5B8639EF169EBE0C004C6490 /* Debug */ = {
			isa = XCBuildConfiguration;
			baseConfigurationReference = 7E4B7DBD7FC940728B5F2972 /* Pods.xcconfig */;
			buildSettings = {
				GCC_PRECOMPILE_PREFIX_HEADER = YES;
				GCC_PREFIX_HEADER = "DBCodingServiceExample/DBCodingServiceExample-Prefix.pch";
				INFOPLIST_FILE = "DBCodingServiceExample/DBCodingServiceExample-Info.plist";
				IPHONEOS_DEPLOYMENT_TARGET = 5.1;
				PRODUCT_NAME = "$(TARGET_NAME)";
				WRAPPER_EXTENSION = app;
			};
			name = Debug;
		};
		5B8639F0169EBE0C004C6490 /* Release */ = {
			isa = XCBuildConfiguration;
			baseConfigurationReference = 7E4B7DBD7FC940728B5F2972 /* Pods.xcconfig */;
			buildSettings = {
				GCC_PRECOMPILE_PREFIX_HEADER = YES;
				GCC_PREFIX_HEADER = "DBCodingServiceExample/DBCodingServiceExample-Prefix.pch";
				INFOPLIST_FILE = "DBCodingServiceExample/DBCodingServiceExample-Info.plist";
				IPHONEOS_DEPLOYMENT_TARGET = 5.1;
				PRODUCT_NAME = "$(TARGET_NAME)";
				WRAPPER_EXTENSION = app;
			};
			name = Release;
		};
		5B8639F2169EBE0C004C6490 /* Debug */ = {
			isa = XCBuildConfiguration;
			buildSettings = {
				BUNDLE_LOADER = "$(BUILT_PRODUCTS_DIR)/DBCodingServiceExample.app/DBCodingServiceExample";
				FRAMEWORK_SEARCH_PATHS = (
					"\"$(SDKROOT)/Developer/Library/Frameworks\"",
					"\"$(DEVELOPER_LIBRARY_DIR)/Frameworks\"",
				);
				GCC_PRECOMPILE_PREFIX_HEADER = YES;
				GCC_PREFIX_HEADER = "DBCodingServiceExample/DBCodingServiceExample-Prefix.pch";
				INFOPLIST_FILE = "DBCodingServiceExampleTests/DBCodingServiceExampleTests-Info.plist";
				PRODUCT_NAME = "$(TARGET_NAME)";
				TEST_HOST = "$(BUNDLE_LOADER)";
				WRAPPER_EXTENSION = octest;
			};
			name = Debug;
		};
		5B8639F3169EBE0C004C6490 /* Release */ = {
			isa = XCBuildConfiguration;
			buildSettings = {
				BUNDLE_LOADER = "$(BUILT_PRODUCTS_DIR)/DBCodingServiceExample.app/DBCodingServiceExample";
				FRAMEWORK_SEARCH_PATHS = (
					"\"$(SDKROOT)/Developer/Library/Frameworks\"",
					"\"$(DEVELOPER_LIBRARY_DIR)/Frameworks\"",
				);
				GCC_PRECOMPILE_PREFIX_HEADER = YES;
				GCC_PREFIX_HEADER = "DBCodingServiceExample/DBCodingServiceExample-Prefix.pch";
				INFOPLIST_FILE = "DBCodingServiceExampleTests/DBCodingServiceExampleTests-Info.plist";
				PRODUCT_NAME = "$(TARGET_NAME)";
				TEST_HOST = "$(BUNDLE_LOADER)";
				WRAPPER_EXTENSION = octest;
			};
			name = Release;
		};
/* End XCBuildConfiguration section */

/* Begin XCConfigurationList section */
		5B8639AF169EBE0B004C6490 /* Build configuration list for PBXProject "DBCodingServiceExample" */ = {
			isa = XCConfigurationList;
			buildConfigurations = (
				5B8639EC169EBE0C004C6490 /* Debug */,
				5B8639ED169EBE0C004C6490 /* Release */,
			);
			defaultConfigurationIsVisible = 0;
			defaultConfigurationName = Release;
		};
		5B8639EE169EBE0C004C6490 /* Build configuration list for PBXNativeTarget "DBCodingServiceExample" */ = {
			isa = XCConfigurationList;
			buildConfigurations = (
				5B8639EF169EBE0C004C6490 /* Debug */,
				5B8639F0169EBE0C004C6490 /* Release */,
			);
			defaultConfigurationIsVisible = 0;
			defaultConfigurationName = Release;
		};
		5B8639F1169EBE0C004C6490 /* Build configuration list for PBXNativeTarget "DBCodingServiceExampleTests" */ = {
			isa = XCConfigurationList;
			buildConfigurations = (
				5B8639F2169EBE0C004C6490 /* Debug */,
				5B8639F3169EBE0C004C6490 /* Release */,
			);
			defaultConfigurationIsVisible = 0;
			defaultConfigurationName = Release;
		};
/* End XCConfigurationList section */
	};
	rootObject = 5B8639AC169EBE0B004C6490 /* Project object */;
}
